
Microsoft Visual Studio Solution File, Format Version 12.00
# Visual Studio 15
VisualStudioVersion = 15.0.26730.16
MinimumVisualStudioVersion = 10.0.40219.1
Project("{FAE04EC0-301F-11D3-BF4B-00C04F79EFBC}") = "B4.PE1.DellobelI.Android", "B4.PE1.DellobelI\B4.PE1.DellobelI.Android\B4.PE1.DellobelI.Android.csproj", "{FDD0517D-B58E-4BC7-9D11-8A7382A70559}"
EndProject
Project("{FAE04EC0-301F-11D3-BF4B-00C04F79EFBC}") = "B4.PE1.DellobelI", "B4.PE1.DellobelI\B4.PE1.DellobelI\B4.PE1.DellobelI.csproj", "{98A0FC2B-FFF8-4C8E-A16C-B09FF371E57D}"
EndProject
Project("{FAE04EC0-301F-11D3-BF4B-00C04F79EFBC}") = "B4.PE1.DellobelI.UWP", "B4.PE1.DellobelI\B4.PE1.DellobelI.UWP\B4.PE1.DellobelI.UWP.csproj", "{BABB3B0E-DC66-4D66-9CD1-CD28B149F355}"
EndProject
Project("{FAE04EC0-301F-11D3-BF4B-00C04F79EFBC}") = "B4.PE1.DellobelI.iOS", "B4.PE1.DellobelI\B4.PE1.DellobelI.iOS\B4.PE1.DellobelI.iOS.csproj", "{18A5EF0F-E3F8-4C9E-8327-E6E6318402AB}"
EndProject
Global
	GlobalSection(SolutionConfigurationPlatforms) = preSolution
		Ad-Hoc|Any CPU = Ad-Hoc|Any CPU
		Ad-Hoc|ARM = Ad-Hoc|ARM
		Ad-Hoc|iPhone = Ad-Hoc|iPhone
		Ad-Hoc|iPhoneSimulator = Ad-Hoc|iPhoneSimulator
		Ad-Hoc|x64 = Ad-Hoc|x64
		Ad-Hoc|x86 = Ad-Hoc|x86
		AppStore|Any CPU = AppStore|Any CPU
		AppStore|ARM = AppStore|ARM
		AppStore|iPhone = AppStore|iPhone
		AppStore|iPhoneSimulator = AppStore|iPhoneSimulator
		AppStore|x64 = AppStore|x64
		AppStore|x86 = AppStore|x86
		Debug|Any CPU = Debug|Any CPU
		Debug|ARM = Debug|ARM
		Debug|iPhone = Debug|iPhone
		Debug|iPhoneSimulator = Debug|iPhoneSimulator
		Debug|x64 = Debug|x64
		Debug|x86 = Debug|x86
		Release|Any CPU = Release|Any CPU
		Release|ARM = Release|ARM
		Release|iPhone = Release|iPhone
		Release|iPhoneSimulator = Release|iPhoneSimulator
		Release|x64 = Release|x64
		Release|x86 = Release|x86
	EndGlobalSection
	GlobalSection(ProjectConfigurationPlatforms) = postSolution
		{FDD0517D-B58E-4BC7-9D11-8A7382A70559}.Ad-Hoc|Any CPU.ActiveCfg = Release|Any CPU
		{FDD0517D-B58E-4BC7-9D11-8A7382A70559}.Ad-Hoc|Any CPU.Build.0 = Release|Any CPU
		{FDD0517D-B58E-4BC7-9D11-8A7382A70559}.Ad-Hoc|Any CPU.Deploy.0 = Release|Any CPU
		{FDD0517D-B58E-4BC7-9D11-8A7382A70559}.Ad-Hoc|ARM.ActiveCfg = Release|Any CPU
		{FDD0517D-B58E-4BC7-9D11-8A7382A70559}.Ad-Hoc|ARM.Build.0 = Release|Any CPU
		{FDD0517D-B58E-4BC7-9D11-8A7382A70559}.Ad-Hoc|ARM.Deploy.0 = Release|Any CPU
		{FDD0517D-B58E-4BC7-9D11-8A7382A70559}.Ad-Hoc|iPhone.ActiveCfg = Release|Any CPU
		{FDD0517D-B58E-4BC7-9D11-8A7382A70559}.Ad-Hoc|iPhone.Build.0 = Release|Any CPU
		{FDD0517D-B58E-4BC7-9D11-8A7382A70559}.Ad-Hoc|iPhone.Deploy.0 = Release|Any CPU
		{FDD0517D-B58E-4BC7-9D11-8A7382A70559}.Ad-Hoc|iPhoneSimulator.ActiveCfg = Release|Any CPU
		{FDD0517D-B58E-4BC7-9D11-8A7382A70559}.Ad-Hoc|iPhoneSimulator.Build.0 = Release|Any CPU
		{FDD0517D-B58E-4BC7-9D11-8A7382A70559}.Ad-Hoc|iPhoneSimulator.Deploy.0 = Release|Any CPU
		{FDD0517D-B58E-4BC7-9D11-8A7382A70559}.Ad-Hoc|x64.ActiveCfg = Release|Any CPU
		{FDD0517D-B58E-4BC7-9D11-8A7382A70559}.Ad-Hoc|x64.Build.0 = Release|Any CPU
		{FDD0517D-B58E-4BC7-9D11-8A7382A70559}.Ad-Hoc|x64.Deploy.0 = Release|Any CPU
		{FDD0517D-B58E-4BC7-9D11-8A7382A70559}.Ad-Hoc|x86.ActiveCfg = Release|Any CPU
		{FDD0517D-B58E-4BC7-9D11-8A7382A70559}.Ad-Hoc|x86.Build.0 = Release|Any CPU
		{FDD0517D-B58E-4BC7-9D11-8A7382A70559}.Ad-Hoc|x86.Deploy.0 = Release|Any CPU
		{FDD0517D-B58E-4BC7-9D11-8A7382A70559}.AppStore|Any CPU.ActiveCfg = Release|Any CPU
		{FDD0517D-B58E-4BC7-9D11-8A7382A70559}.AppStore|Any CPU.Build.0 = Release|Any CPU
		{FDD0517D-B58E-4BC7-9D11-8A7382A70559}.AppStore|Any CPU.Deploy.0 = Release|Any CPU
		{FDD0517D-B58E-4BC7-9D11-8A7382A70559}.AppStore|ARM.ActiveCfg = Release|Any CPU
		{FDD0517D-B58E-4BC7-9D11-8A7382A70559}.AppStore|ARM.Build.0 = Release|Any CPU
		{FDD0517D-B58E-4BC7-9D11-8A7382A70559}.AppStore|ARM.Deploy.0 = Release|Any CPU
		{FDD0517D-B58E-4BC7-9D11-8A7382A70559}.AppStore|iPhone.ActiveCfg = Release|Any CPU
		{FDD0517D-B58E-4BC7-9D11-8A7382A70559}.AppStore|iPhone.Build.0 = Release|Any CPU
		{FDD0517D-B58E-4BC7-9D11-8A7382A70559}.AppStore|iPhone.Deploy.0 = Release|Any CPU
		{FDD0517D-B58E-4BC7-9D11-8A7382A70559}.AppStore|iPhoneSimulator.ActiveCfg = Release|Any CPU
		{FDD0517D-B58E-4BC7-9D11-8A7382A70559}.AppStore|iPhoneSimulator.Build.0 = Release|Any CPU
		{FDD0517D-B58E-4BC7-9D11-8A7382A70559}.AppStore|iPhoneSimulator.Deploy.0 = Release|Any CPU
		{FDD0517D-B58E-4BC7-9D11-8A7382A70559}.AppStore|x64.ActiveCfg = Release|Any CPU
		{FDD0517D-B58E-4BC7-9D11-8A7382A70559}.AppStore|x64.Build.0 = Release|Any CPU
		{FDD0517D-B58E-4BC7-9D11-8A7382A70559}.AppStore|x64.Deploy.0 = Release|Any CPU
		{FDD0517D-B58E-4BC7-9D11-8A7382A70559}.AppStore|x86.ActiveCfg = Release|Any CPU
		{FDD0517D-B58E-4BC7-9D11-8A7382A70559}.AppStore|x86.Build.0 = Release|Any CPU
		{FDD0517D-B58E-4BC7-9D11-8A7382A70559}.AppStore|x86.Deploy.0 = Release|Any CPU
		{FDD0517D-B58E-4BC7-9D11-8A7382A70559}.Debug|Any CPU.ActiveCfg = Debug|Any CPU
		{FDD0517D-B58E-4BC7-9D11-8A7382A70559}.Debug|Any CPU.Build.0 = Debug|Any CPU
		{FDD0517D-B58E-4BC7-9D11-8A7382A70559}.Debug|Any CPU.Deploy.0 = Debug|Any CPU
		{FDD0517D-B58E-4BC7-9D11-8A7382A70559}.Debug|ARM.ActiveCfg = Debug|Any CPU
		{FDD0517D-B58E-4BC7-9D11-8A7382A70559}.Debug|ARM.Build.0 = Debug|Any CPU
		{FDD0517D-B58E-4BC7-9D11-8A7382A70559}.Debug|ARM.Deploy.0 = Debug|Any CPU
		{FDD0517D-B58E-4BC7-9D11-8A7382A70559}.Debug|iPhone.ActiveCfg = Debug|Any CPU
		{FDD0517D-B58E-4BC7-9D11-8A7382A70559}.Debug|iPhone.Build.0 = Debug|Any CPU
		{FDD0517D-B58E-4BC7-9D11-8A7382A70559}.Debug|iPhone.Deploy.0 = Debug|Any CPU
		{FDD0517D-B58E-4BC7-9D11-8A7382A70559}.Debug|iPhoneSimulator.ActiveCfg = Debug|Any CPU
		{FDD0517D-B58E-4BC7-9D11-8A7382A70559}.Debug|iPhoneSimulator.Build.0 = Debug|Any CPU
		{FDD0517D-B58E-4BC7-9D11-8A7382A70559}.Debug|iPhoneSimulator.Deploy.0 = Debug|Any CPU
		{FDD0517D-B58E-4BC7-9D11-8A7382A70559}.Debug|x64.ActiveCfg = Debug|Any CPU
		{FDD0517D-B58E-4BC7-9D11-8A7382A70559}.Debug|x64.Build.0 = Debug|Any CPU
		{FDD0517D-B58E-4BC7-9D11-8A7382A70559}.Debug|x64.Deploy.0 = Debug|Any CPU
		{FDD0517D-B58E-4BC7-9D11-8A7382A70559}.Debug|x86.ActiveCfg = Debug|Any CPU
		{FDD0517D-B58E-4BC7-9D11-8A7382A70559}.Debug|x86.Build.0 = Debug|Any CPU
		{FDD0517D-B58E-4BC7-9D11-8A7382A70559}.Debug|x86.Deploy.0 = Debug|Any CPU
		{FDD0517D-B58E-4BC7-9D11-8A7382A70559}.Release|Any CPU.ActiveCfg = Release|Any CPU
		{FDD0517D-B58E-4BC7-9D11-8A7382A70559}.Release|Any CPU.Build.0 = Release|Any CPU
		{FDD0517D-B58E-4BC7-9D11-8A7382A70559}.Release|Any CPU.Deploy.0 = Release|Any CPU
		{FDD0517D-B58E-4BC7-9D11-8A7382A70559}.Release|ARM.ActiveCfg = Release|Any CPU
		{FDD0517D-B58E-4BC7-9D11-8A7382A70559}.Release|ARM.Build.0 = Release|Any CPU
		{FDD0517D-B58E-4BC7-9D11-8A7382A70559}.Release|ARM.Deploy.0 = Release|Any CPU
		{FDD0517D-B58E-4BC7-9D11-8A7382A70559}.Release|iPhone.ActiveCfg = Release|Any CPU
		{FDD0517D-B58E-4BC7-9D11-8A7382A70559}.Release|iPhone.Build.0 = Release|Any CPU
		{FDD0517D-B58E-4BC7-9D11-8A7382A70559}.Release|iPhone.Deploy.0 = Release|Any CPU
		{FDD0517D-B58E-4BC7-9D11-8A7382A70559}.Release|iPhoneSimulator.ActiveCfg = Release|Any CPU
		{FDD0517D-B58E-4BC7-9D11-8A7382A70559}.Release|iPhoneSimulator.Build.0 = Release|Any CPU
		{FDD0517D-B58E-4BC7-9D11-8A7382A70559}.Release|iPhoneSimulator.Deploy.0 = Release|Any CPU
		{FDD0517D-B58E-4BC7-9D11-8A7382A70559}.Release|x64.ActiveCfg = Release|Any CPU
		{FDD0517D-B58E-4BC7-9D11-8A7382A70559}.Release|x64.Build.0 = Release|Any CPU
		{FDD0517D-B58E-4BC7-9D11-8A7382A70559}.Release|x64.Deploy.0 = Release|Any CPU
		{FDD0517D-B58E-4BC7-9D11-8A7382A70559}.Release|x86.ActiveCfg = Release|Any CPU
		{FDD0517D-B58E-4BC7-9D11-8A7382A70559}.Release|x86.Build.0 = Release|Any CPU
		{FDD0517D-B58E-4BC7-9D11-8A7382A70559}.Release|x86.Deploy.0 = Release|Any CPU
		{98A0FC2B-FFF8-4C8E-A16C-B09FF371E57D}.Ad-Hoc|Any CPU.ActiveCfg = Release|Any CPU
		{98A0FC2B-FFF8-4C8E-A16C-B09FF371E57D}.Ad-Hoc|Any CPU.Build.0 = Release|Any CPU
		{98A0FC2B-FFF8-4C8E-A16C-B09FF371E57D}.Ad-Hoc|ARM.ActiveCfg = Release|Any CPU
		{98A0FC2B-FFF8-4C8E-A16C-B09FF371E57D}.Ad-Hoc|ARM.Build.0 = Release|Any CPU
		{98A0FC2B-FFF8-4C8E-A16C-B09FF371E57D}.Ad-Hoc|iPhone.ActiveCfg = Release|Any CPU
		{98A0FC2B-FFF8-4C8E-A16C-B09FF371E57D}.Ad-Hoc|iPhone.Build.0 = Release|Any CPU
		{98A0FC2B-FFF8-4C8E-A16C-B09FF371E57D}.Ad-Hoc|iPhoneSimulator.ActiveCfg = Release|Any CPU
		{98A0FC2B-FFF8-4C8E-A16C-B09FF371E57D}.Ad-Hoc|iPhoneSimulator.Build.0 = Release|Any CPU
		{98A0FC2B-FFF8-4C8E-A16C-B09FF371E57D}.Ad-Hoc|x64.ActiveCfg = Release|Any CPU
		{98A0FC2B-FFF8-4C8E-A16C-B09FF371E57D}.Ad-Hoc|x64.Build.0 = Release|Any CPU
		{98A0FC2B-FFF8-4C8E-A16C-B09FF371E57D}.Ad-Hoc|x86.ActiveCfg = Release|Any CPU
		{98A0FC2B-FFF8-4C8E-A16C-B09FF371E57D}.Ad-Hoc|x86.Build.0 = Release|Any CPU
		{98A0FC2B-FFF8-4C8E-A16C-B09FF371E57D}.AppStore|Any CPU.ActiveCfg = Release|Any CPU
		{98A0FC2B-FFF8-4C8E-A16C-B09FF371E57D}.AppStore|Any CPU.Build.0 = Release|Any CPU
		{98A0FC2B-FFF8-4C8E-A16C-B09FF371E57D}.AppStore|ARM.ActiveCfg = Release|Any CPU
		{98A0FC2B-FFF8-4C8E-A16C-B09FF371E57D}.AppStore|ARM.Build.0 = Release|Any CPU
		{98A0FC2B-FFF8-4C8E-A16C-B09FF371E57D}.AppStore|iPhone.ActiveCfg = Release|Any CPU
		{98A0FC2B-FFF8-4C8E-A16C-B09FF371E57D}.AppStore|iPhone.Build.0 = Release|Any CPU
		{98A0FC2B-FFF8-4C8E-A16C-B09FF371E57D}.AppStore|iPhoneSimulator.ActiveCfg = Release|Any CPU
		{98A0FC2B-FFF8-4C8E-A16C-B09FF371E57D}.AppStore|iPhoneSimulator.Build.0 = Release|Any CPU
		{98A0FC2B-FFF8-4C8E-A16C-B09FF371E57D}.AppStore|x64.ActiveCfg = Release|Any CPU
		{98A0FC2B-FFF8-4C8E-A16C-B09FF371E57D}.AppStore|x64.Build.0 = Release|Any CPU
		{98A0FC2B-FFF8-4C8E-A16C-B09FF371E57D}.AppStore|x86.ActiveCfg = Release|Any CPU
		{98A0FC2B-FFF8-4C8E-A16C-B09FF371E57D}.AppStore|x86.Build.0 = Release|Any CPU
		{98A0FC2B-FFF8-4C8E-A16C-B09FF371E57D}.Debug|Any CPU.ActiveCfg = Debug|Any CPU
		{98A0FC2B-FFF8-4C8E-A16C-B09FF371E57D}.Debug|Any CPU.Build.0 = Debug|Any CPU
		{98A0FC2B-FFF8-4C8E-A16C-B09FF371E57D}.Debug|ARM.ActiveCfg = Debug|Any CPU
		{98A0FC2B-FFF8-4C8E-A16C-B09FF371E57D}.Debug|ARM.Build.0 = Debug|Any CPU
		{98A0FC2B-FFF8-4C8E-A16C-B09FF371E57D}.Debug|iPhone.ActiveCfg = Debug|Any CPU
		{98A0FC2B-FFF8-4C8E-A16C-B09FF371E57D}.Debug|iPhone.Build.0 = Debug|Any CPU
		{98A0FC2B-FFF8-4C8E-A16C-B09FF371E57D}.Debug|iPhoneSimulator.ActiveCfg = Debug|Any CPU
		{98A0FC2B-FFF8-4C8E-A16C-B09FF371E57D}.Debug|iPhoneSimulator.Build.0 = Debug|Any CPU
		{98A0FC2B-FFF8-4C8E-A16C-B09FF371E57D}.Debug|x64.ActiveCfg = Debug|Any CPU
		{98A0FC2B-FFF8-4C8E-A16C-B09FF371E57D}.Debug|x64.Build.0 = Debug|Any CPU
		{98A0FC2B-FFF8-4C8E-A16C-B09FF371E57D}.Debug|x86.ActiveCfg = Debug|Any CPU
		{98A0FC2B-FFF8-4C8E-A16C-B09FF371E57D}.Debug|x86.Build.0 = Debug|Any CPU
		{98A0FC2B-FFF8-4C8E-A16C-B09FF371E57D}.Release|Any CPU.ActiveCfg = Release|Any CPU
		{98A0FC2B-FFF8-4C8E-A16C-B09FF371E57D}.Release|Any CPU.Build.0 = Release|Any CPU
		{98A0FC2B-FFF8-4C8E-A16C-B09FF371E57D}.Release|ARM.ActiveCfg = Release|Any CPU
		{98A0FC2B-FFF8-4C8E-A16C-B09FF371E57D}.Release|ARM.Build.0 = Release|Any CPU
		{98A0FC2B-FFF8-4C8E-A16C-B09FF371E57D}.Release|iPhone.ActiveCfg = Release|Any CPU
		{98A0FC2B-FFF8-4C8E-A16C-B09FF371E57D}.Release|iPhone.Build.0 = Release|Any CPU
		{98A0FC2B-FFF8-4C8E-A16C-B09FF371E57D}.Release|iPhoneSimulator.ActiveCfg = Release|Any CPU
		{98A0FC2B-FFF8-4C8E-A16C-B09FF371E57D}.Release|iPhoneSimulator.Build.0 = Release|Any CPU
		{98A0FC2B-FFF8-4C8E-A16C-B09FF371E57D}.Release|x64.ActiveCfg = Release|Any CPU
		{98A0FC2B-FFF8-4C8E-A16C-B09FF371E57D}.Release|x64.Build.0 = Release|Any CPU
		{98A0FC2B-FFF8-4C8E-A16C-B09FF371E57D}.Release|x86.ActiveCfg = Release|Any CPU
		{98A0FC2B-FFF8-4C8E-A16C-B09FF371E57D}.Release|x86.Build.0 = Release|Any CPU
		{BABB3B0E-DC66-4D66-9CD1-CD28B149F355}.Ad-Hoc|Any CPU.ActiveCfg = Release|x86
		{BABB3B0E-DC66-4D66-9CD1-CD28B149F355}.Ad-Hoc|Any CPU.Build.0 = Release|x86
		{BABB3B0E-DC66-4D66-9CD1-CD28B149F355}.Ad-Hoc|Any CPU.Deploy.0 = Release|x86
		{BABB3B0E-DC66-4D66-9CD1-CD28B149F355}.Ad-Hoc|ARM.ActiveCfg = Release|ARM
		{BABB3B0E-DC66-4D66-9CD1-CD28B149F355}.Ad-Hoc|ARM.Build.0 = Release|ARM
		{BABB3B0E-DC66-4D66-9CD1-CD28B149F355}.Ad-Hoc|ARM.Deploy.0 = Release|ARM
		{BABB3B0E-DC66-4D66-9CD1-CD28B149F355}.Ad-Hoc|iPhone.ActiveCfg = Release|x86
		{BABB3B0E-DC66-4D66-9CD1-CD28B149F355}.Ad-Hoc|iPhone.Build.0 = Release|x86
		{BABB3B0E-DC66-4D66-9CD1-CD28B149F355}.Ad-Hoc|iPhone.Deploy.0 = Release|x86
		{BABB3B0E-DC66-4D66-9CD1-CD28B149F355}.Ad-Hoc|iPhoneSimulator.ActiveCfg = Release|x86
		{BABB3B0E-DC66-4D66-9CD1-CD28B149F355}.Ad-Hoc|iPhoneSimulator.Build.0 = Release|x86
		{BABB3B0E-DC66-4D66-9CD1-CD28B149F355}.Ad-Hoc|iPhoneSimulator.Deploy.0 = Release|x86
		{BABB3B0E-DC66-4D66-9CD1-CD28B149F355}.Ad-Hoc|x64.ActiveCfg = Release|x64
		{BABB3B0E-DC66-4D66-9CD1-CD28B149F355}.Ad-Hoc|x64.Build.0 = Release|x64
		{BABB3B0E-DC66-4D66-9CD1-CD28B149F355}.Ad-Hoc|x64.Deploy.0 = Release|x64
		{BABB3B0E-DC66-4D66-9CD1-CD28B149F355}.Ad-Hoc|x86.ActiveCfg = Release|x86
		{BABB3B0E-DC66-4D66-9CD1-CD28B149F355}.Ad-Hoc|x86.Build.0 = Release|x86
		{BABB3B0E-DC66-4D66-9CD1-CD28B149F355}.Ad-Hoc|x86.Deploy.0 = Release|x86
		{BABB3B0E-DC66-4D66-9CD1-CD28B149F355}.AppStore|Any CPU.ActiveCfg = Release|x86
		{BABB3B0E-DC66-4D66-9CD1-CD28B149F355}.AppStore|Any CPU.Build.0 = Release|x86
		{BABB3B0E-DC66-4D66-9CD1-CD28B149F355}.AppStore|Any CPU.Deploy.0 = Release|x86
		{BABB3B0E-DC66-4D66-9CD1-CD28B149F355}.AppStore|ARM.ActiveCfg = Release|ARM
		{BABB3B0E-DC66-4D66-9CD1-CD28B149F355}.AppStore|ARM.Build.0 = Release|ARM
		{BABB3B0E-DC66-4D66-9CD1-CD28B149F355}.AppStore|ARM.Deploy.0 = Release|ARM
		{BABB3B0E-DC66-4D66-9CD1-CD28B149F355}.AppStore|iPhone.ActiveCfg = Release|x86
		{BABB3B0E-DC66-4D66-9CD1-CD28B149F355}.AppStore|iPhone.Build.0 = Release|x86
		{BABB3B0E-DC66-4D66-9CD1-CD28B149F355}.AppStore|iPhone.Deploy.0 = Release|x86
		{BABB3B0E-DC66-4D66-9CD1-CD28B149F355}.AppStore|iPhoneSimulator.ActiveCfg = Release|x86
		{BABB3B0E-DC66-4D66-9CD1-CD28B149F355}.AppStore|iPhoneSimulator.Build.0 = Release|x86
		{BABB3B0E-DC66-4D66-9CD1-CD28B149F355}.AppStore|iPhoneSimulator.Deploy.0 = Release|x86
		{BABB3B0E-DC66-4D66-9CD1-CD28B149F355}.AppStore|x64.ActiveCfg = Release|x64
		{BABB3B0E-DC66-4D66-9CD1-CD28B149F355}.AppStore|x64.Build.0 = Release|x64
		{BABB3B0E-DC66-4D66-9CD1-CD28B149F355}.AppStore|x64.Deploy.0 = Release|x64
		{BABB3B0E-DC66-4D66-9CD1-CD28B149F355}.AppStore|x86.ActiveCfg = Release|x86
		{BABB3B0E-DC66-4D66-9CD1-CD28B149F355}.AppStore|x86.Build.0 = Release|x86
		{BABB3B0E-DC66-4D66-9CD1-CD28B149F355}.AppStore|x86.Deploy.0 = Release|x86
		{BABB3B0E-DC66-4D66-9CD1-CD28B149F355}.Debug|Any CPU.ActiveCfg = Debug|x86
		{BABB3B0E-DC66-4D66-9CD1-CD28B149F355}.Debug|ARM.ActiveCfg = Debug|ARM
		{BABB3B0E-DC66-4D66-9CD1-CD28B149F355}.Debug|ARM.Build.0 = Debug|ARM
		{BABB3B0E-DC66-4D66-9CD1-CD28B149F355}.Debug|ARM.Deploy.0 = Debug|ARM
		{BABB3B0E-DC66-4D66-9CD1-CD28B149F355}.Debug|iPhone.ActiveCfg = Debug|x86
		{BABB3B0E-DC66-4D66-9CD1-CD28B149F355}.Debug|iPhoneSimulator.ActiveCfg = Debug|x86
		{BABB3B0E-DC66-4D66-9CD1-CD28B149F355}.Debug|x64.ActiveCfg = Debug|x64
		{BABB3B0E-DC66-4D66-9CD1-CD28B149F355}.Debug|x64.Build.0 = Debug|x64
		{BABB3B0E-DC66-4D66-9CD1-CD28B149F355}.Debug|x64.Deploy.0 = Debug|x64
		{BABB3B0E-DC66-4D66-9CD1-CD28B149F355}.Debug|x86.ActiveCfg = Debug|x86
		{BABB3B0E-DC66-4D66-9CD1-CD28B149F355}.Debug|x86.Build.0 = Debug|x86
		{BABB3B0E-DC66-4D66-9CD1-CD28B149F355}.Debug|x86.Deploy.0 = Debug|x86
		{BABB3B0E-DC66-4D66-9CD1-CD28B149F355}.Release|Any CPU.ActiveCfg = Release|x86
		{BABB3B0E-DC66-4D66-9CD1-CD28B149F355}.Release|ARM.ActiveCfg = Release|ARM
		{BABB3B0E-DC66-4D66-9CD1-CD28B149F355}.Release|ARM.Build.0 = Release|ARM
		{BABB3B0E-DC66-4D66-9CD1-CD28B149F355}.Release|ARM.Deploy.0 = Release|ARM
		{BABB3B0E-DC66-4D66-9CD1-CD28B149F355}.Release|iPhone.ActiveCfg = Release|x86
		{BABB3B0E-DC66-4D66-9CD1-CD28B149F355}.Release|iPhoneSimulator.ActiveCfg = Release|x86
		{BABB3B0E-DC66-4D66-9CD1-CD28B149F355}.Release|x64.ActiveCfg = Release|x64
		{BABB3B0E-DC66-4D66-9CD1-CD28B149F355}.Release|x64.Build.0 = Release|x64
		{BABB3B0E-DC66-4D66-9CD1-CD28B149F355}.Release|x64.Deploy.0 = Release|x64
		{BABB3B0E-DC66-4D66-9CD1-CD28B149F355}.Release|x86.ActiveCfg = Release|x86
		{BABB3B0E-DC66-4D66-9CD1-CD28B149F355}.Release|x86.Build.0 = Release|x86
		{BABB3B0E-DC66-4D66-9CD1-CD28B149F355}.Release|x86.Deploy.0 = Release|x86
		{18A5EF0F-E3F8-4C9E-8327-E6E6318402AB}.Ad-Hoc|Any CPU.ActiveCfg = Ad-Hoc|iPhone
		{18A5EF0F-E3F8-4C9E-8327-E6E6318402AB}.Ad-Hoc|ARM.ActiveCfg = Ad-Hoc|iPhone
		{18A5EF0F-E3F8-4C9E-8327-E6E6318402AB}.Ad-Hoc|iPhone.ActiveCfg = Ad-Hoc|iPhone
		{18A5EF0F-E3F8-4C9E-8327-E6E6318402AB}.Ad-Hoc|iPhone.Build.0 = Ad-Hoc|iPhone
		{18A5EF0F-E3F8-4C9E-8327-E6E6318402AB}.Ad-Hoc|iPhoneSimulator.ActiveCfg = Ad-Hoc|iPhoneSimulator
		{18A5EF0F-E3F8-4C9E-8327-E6E6318402AB}.Ad-Hoc|iPhoneSimulator.Build.0 = Ad-Hoc|iPhoneSimulator
		{18A5EF0F-E3F8-4C9E-8327-E6E6318402AB}.Ad-Hoc|x64.ActiveCfg = Ad-Hoc|iPhone
		{18A5EF0F-E3F8-4C9E-8327-E6E6318402AB}.Ad-Hoc|x86.ActiveCfg = Ad-Hoc|iPhone
		{18A5EF0F-E3F8-4C9E-8327-E6E6318402AB}.AppStore|Any CPU.ActiveCfg = AppStore|iPhone
		{18A5EF0F-E3F8-4C9E-8327-E6E6318402AB}.AppStore|ARM.ActiveCfg = AppStore|iPhone
		{18A5EF0F-E3F8-4C9E-8327-E6E6318402AB}.AppStore|iPhone.ActiveCfg = AppStore|iPhone
		{18A5EF0F-E3F8-4C9E-8327-E6E6318402AB}.AppStore|iPhone.Build.0 = AppStore|iPhone
		{18A5EF0F-E3F8-4C9E-8327-E6E6318402AB}.AppStore|iPhoneSimulator.ActiveCfg = AppStore|iPhoneSimulator
		{18A5EF0F-E3F8-4C9E-8327-E6E6318402AB}.AppStore|iPhoneSimulator.Build.0 = AppStore|iPhoneSimulator
		{18A5EF0F-E3F8-4C9E-8327-E6E6318402AB}.AppStore|x64.ActiveCfg = AppStore|iPhone
		{18A5EF0F-E3F8-4C9E-8327-E6E6318402AB}.AppStore|x86.ActiveCfg = AppStore|iPhone
		{18A5EF0F-E3F8-4C9E-8327-E6E6318402AB}.Debug|Any CPU.ActiveCfg = Debug|iPhone
		{18A5EF0F-E3F8-4C9E-8327-E6E6318402AB}.Debug|ARM.ActiveCfg = Debug|iPhone
		{18A5EF0F-E3F8-4C9E-8327-E6E6318402AB}.Debug|iPhone.ActiveCfg = Debug|iPhone
		{18A5EF0F-E3F8-4C9E-8327-E6E6318402AB}.Debug|iPhone.Build.0 = Debug|iPhone
		{18A5EF0F-E3F8-4C9E-8327-E6E6318402AB}.Debug|iPhoneSimulator.ActiveCfg = Debug|iPhoneSimulator
		{18A5EF0F-E3F8-4C9E-8327-E6E6318402AB}.Debug|iPhoneSimulator.Build.0 = Debug|iPhoneSimulator
		{18A5EF0F-E3F8-4C9E-8327-E6E6318402AB}.Debug|x64.ActiveCfg = Debug|iPhone
		{18A5EF0F-E3F8-4C9E-8327-E6E6318402AB}.Debug|x86.ActiveCfg = Debug|iPhone
		{18A5EF0F-E3F8-4C9E-8327-E6E6318402AB}.Release|Any CPU.ActiveCfg = Release|iPhone
		{18A5EF0F-E3F8-4C9E-8327-E6E6318402AB}.Release|ARM.ActiveCfg = Release|iPhone
		{18A5EF0F-E3F8-4C9E-8327-E6E6318402AB}.Release|iPhone.ActiveCfg = Release|iPhone
		{18A5EF0F-E3F8-4C9E-8327-E6E6318402AB}.Release|iPhone.Build.0 = Release|iPhone
		{18A5EF0F-E3F8-4C9E-8327-E6E6318402AB}.Release|iPhoneSimulator.ActiveCfg = Release|iPhoneSimulator
		{18A5EF0F-E3F8-4C9E-8327-E6E6318402AB}.Release|iPhoneSimulator.Build.0 = Release|iPhoneSimulator
		{18A5EF0F-E3F8-4C9E-8327-E6E6318402AB}.Release|x64.ActiveCfg = Release|iPhone
		{18A5EF0F-E3F8-4C9E-8327-E6E6318402AB}.Release|x86.ActiveCfg = Release|iPhone
	EndGlobalSection
	GlobalSection(SolutionProperties) = preSolution
		HideSolutionNode = FALSE
	EndGlobalSection
	GlobalSection(ExtensibilityGlobals) = postSolution
		SolutionGuid = {E303A601-3D48-46CD-B470-507AD3022648}
	EndGlobalSection
EndGlobal
